
Microsoft Visual Studio Solution File, Format Version 12.00
# Visual Studio 15
VisualStudioVersion = 15.0.27130.2003
MinimumVisualStudioVersion = 10.0.40219.1
Project("{8BC9CEB8-8B4A-11D0-8D11-00A0C91BC942}") = "CreaDXTKLib", "CreaDXTKLib\CreaDXTKLib.vcxproj", "{DAD6C248-2243-46D2-9981-7C3C9E1DF622}"
EndProject
Project("{8BC9CEB8-8B4A-11D0-8D11-00A0C91BC942}") = "Utility", "Utility\Utility.vcxproj", "{C0576279-4B9B-4049-A314-9FDE2DB1952F}"
EndProject
Project("{8BC9CEB8-8B4A-11D0-8D11-00A0C91BC942}") = "Draw", "Draw\Draw.vcxproj", "{1D5BE297-C88B-418E-B530-B9684ADADF17}"
EndProject
Global
	GlobalSection(SolutionConfigurationPlatforms) = preSolution
		Debug|x64 = Debug|x64
		Debug|x86 = Debug|x86
		Release|x64 = Release|x64
		Release|x86 = Release|x86
	EndGlobalSection
	GlobalSection(ProjectConfigurationPlatforms) = postSolution
		{DAD6C248-2243-46D2-9981-7C3C9E1DF622}.Debug|x64.ActiveCfg = Debug|x64
		{DAD6C248-2243-46D2-9981-7C3C9E1DF622}.Debug|x64.Build.0 = Debug|x64
		{DAD6C248-2243-46D2-9981-7C3C9E1DF622}.Debug|x86.ActiveCfg = Debug|Win32
		{DAD6C248-2243-46D2-9981-7C3C9E1DF622}.Debug|x86.Build.0 = Debug|Win32
		{DAD6C248-2243-46D2-9981-7C3C9E1DF622}.Release|x64.ActiveCfg = Release|x64
		{DAD6C248-2243-46D2-9981-7C3C9E1DF622}.Release|x64.Build.0 = Release|x64
		{DAD6C248-2243-46D2-9981-7C3C9E1DF622}.Release|x86.ActiveCfg = Release|Win32
		{DAD6C248-2243-46D2-9981-7C3C9E1DF622}.Release|x86.Build.0 = Release|Win32
		{C0576279-4B9B-4049-A314-9FDE2DB1952F}.Debug|x64.ActiveCfg = Debug|x64
		{C0576279-4B9B-4049-A314-9FDE2DB1952F}.Debug|x64.Build.0 = Debug|x64
		{C0576279-4B9B-4049-A314-9FDE2DB1952F}.Debug|x86.ActiveCfg = Debug|Win32
		{C0576279-4B9B-4049-A314-9FDE2DB1952F}.Debug|x86.Build.0 = Debug|Win32
		{C0576279-4B9B-4049-A314-9FDE2DB1952F}.Release|x64.ActiveCfg = Release|x64
		{C0576279-4B9B-4049-A314-9FDE2DB1952F}.Release|x64.Build.0 = Release|x64
		{C0576279-4B9B-4049-A314-9FDE2DB1952F}.Release|x86.ActiveCfg = Release|Win32
		{C0576279-4B9B-4049-A314-9FDE2DB1952F}.Release|x86.Build.0 = Release|Win32
		{1D5BE297-C88B-418E-B530-B9684ADADF17}.Debug|x64.ActiveCfg = Debug|x64
		{1D5BE297-C88B-418E-B530-B9684ADADF17}.Debug|x64.Build.0 = Debug|x64
		{1D5BE297-C88B-418E-B530-B9684ADADF17}.Debug|x86.ActiveCfg = Debug|Win32
		{1D5BE297-C88B-418E-B530-B9684ADADF17}.Debug|x86.Build.0 = Debug|Win32
		{1D5BE297-C88B-418E-B530-B9684ADADF17}.Release|x64.ActiveCfg = Release|x64
		{1D5BE297-C88B-418E-B530-B9684ADADF17}.Release|x64.Build.0 = Release|x64
		{1D5BE297-C88B-418E-B530-B9684ADADF17}.Release|x86.ActiveCfg = Release|Win32
		{1D5BE297-C88B-418E-B530-B9684ADADF17}.Release|x86.Build.0 = Release|Win32
	EndGlobalSection
	GlobalSection(SolutionProperties) = preSolution
		HideSolutionNode = FALSE
	EndGlobalSection
	GlobalSection(ExtensibilityGlobals) = postSolution
		SolutionGuid = {FF9115A5-874E-43D7-8AB3-A0A8C9ACCA7D}
	EndGlobalSection
EndGlobal
