<?xml version="1.0" encoding="utf-8"?>
<Project ToolsVersion="4.0" xmlns="http://schemas.microsoft.com/developer/msbuild/2003">
  <ItemGroup>
    <Filter Include="src">
      <UniqueIdentifier>{30ab3b6a-4ccd-4b31-83d6-aa1a803319b0}</UniqueIdentifier>
    </Filter>
    <Filter Include="src\CreaDXTKLib">
      <UniqueIdentifier>{4b7ad0e2-6f98-4573-85db-a426731d8cd3}</UniqueIdentifier>
    </Filter>
    <Filter Include="src\Draw">
      <UniqueIdentifier>{6aca01c3-b6d6-438e-9b80-a315d5da16aa}</UniqueIdentifier>
    </Filter>
  </ItemGroup>
  <ItemGroup>
    <ClInclude Include="..\src\Draw\Image.h">
      <Filter>src\Draw</Filter>
    </ClInclude>
    <ClInclude Include="..\src\Draw\Text.h">
      <Filter>src\Draw</Filter>
    </ClInclude>
  </ItemGroup>
  <ItemGroup>
    <ClCompile Include="..\src\Draw\Image.cpp">
      <Filter>src\Draw</Filter>
    </ClCompile>
    <ClCompile Include="..\src\Draw\Text.cpp">
      <Filter>src\Draw</Filter>
    </ClCompile>
  </ItemGroup>
</Project>